lockfileVersion: '9.0'

settings:
  autoInstallPeers: true
  excludeLinksFromLockfile: false

importers:

  .:
    dependencies:
      '@isithere/gtfs':
        specifier: 1.1.0-next-04
        version: 1.1.0-next-04
      adm-zip:
        specifier: ^0.5.16
        version: 0.5.16
      csvtojson:
        specifier: ^2.0.10
        version: 2.0.10
      iconv-lite:
        specifier: ^0.6.3
        version: 0.6.3
      json-2-csv:
        specifier: ^4.1.1
        version: 4.1.1
      slovak-holidays:
        specifier: ^1.0.1
        version: 1.0.1
      typescript:
        specifier: ^5.7.2
        version: 5.7.2
    devDependencies:
      '@types/adm-zip':
        specifier: ^0.5.7
        version: 0.5.7
      '@types/node':
        specifier: ^22.10.5
        version: 22.10.5

packages:

  '@isithere/gtfs@1.1.0-next-04':
    resolution: {integrity: sha512-XojJe9seW5JWZ8J5/Sv04wM0nTIM/sSxb5xz0aRwds3wDeSXTJqWg+YN43o2s5cgE+KNgh75pzT1fqxiIKDkmg==}

  '@types/adm-zip@0.5.7':
    resolution: {integrity: sha512-DNEs/QvmyRLurdQPChqq0Md4zGvPwHerAJYWk9l2jCbD1VPpnzRJorOdiq4zsw09NFbYnhfsoEhWtxIzXpn2yw==}

  '@types/node@22.10.5':
    resolution: {integrity: sha512-F8Q+SeGimwOo86fiovQh8qiXfFEh2/ocYv7tU5pJ3EXMSSxk1Joj5wefpFK2fHTf/N6HKGSxIDBT9f3gCxXPkQ==}

  adm-zip@0.5.16:
    resolution: {integrity: sha512-TGw5yVi4saajsSEgz25grObGHEUaDrniwvA2qwSC060KfqGPdglhvPMA2lPIoxs3PQIItj2iag35fONcQqgUaQ==}
    engines: {node: '>=12.0'}

  bluebird@3.7.2:
    resolution: {integrity: sha512-XpNj6GDQzdfW+r2Wnn7xiSAd7TM3jzkxGXBGTtWKuSXv1xUV+azxAm8jdWZN06QTQk+2N2XB9jRDkvbmQmcRtg==}

  csvtojson@2.0.10:
    resolution: {integrity: sha512-lUWFxGKyhraKCW8Qghz6Z0f2l/PqB1W3AO0HKJzGIQ5JRSlR651ekJDiGJbBT4sRNNv5ddnSGVEnsxP9XRCVpQ==}
    engines: {node: '>=4.0.0'}
    hasBin: true

  deeks@3.0.2:
    resolution: {integrity: sha512-c6OmjIygIB/avwXwEQOiODS+nw6fEX4cvOdDMqdL7dt3dicV/xykAJ9AeVc/8/JTVQDuacjRc9KCMmXafL1Y4A==}
    engines: {node: '>= 16'}

  doc-path@4.0.2:
    resolution: {integrity: sha512-OqZEk7EM1aP3JpO+mq0pv1msEJWrzZVXu4q3YjEYJKc+Wt3/chac4KJdaGueK5IGemOwfptrLctG9I8xkb59qQ==}
    engines: {node: '>=16'}

  iconv-lite@0.6.3:
    resolution: {integrity: sha512-4fCk79wshMdzMp2rH06qWrJE4iolqLhCUH+OiuIgU++RB0+94NlDL81atO7GX55uUKueo0txHNtvEyI6D7WdMw==}
    engines: {node: '>=0.10.0'}

  is-utf8@0.2.1:
    resolution: {integrity: sha512-rMYPYvCzsXywIsldgLaSoPlw5PfoB/ssr7hY4pLfcodrA5M/eArza1a9VmTiNIBNMjOGr1Ow9mTyU2o69U6U9Q==}

  json-2-csv@4.1.1:
    resolution: {integrity: sha512-xqP/61jVw6hlW5a+JuffbfGneYxuKOIixdSjmLtBY/qeNgMIzTc+vLRkTkLwb+ZVLHMqmJz64brY9U34BvIHZA==}
    engines: {node: '>= 16'}

  lodash@4.17.21:
    resolution: {integrity: sha512-v2kDEe57lecTulaDIuNTPy3Ry4gLGJ6Z1O3vE1krgXZNrsQ+LFTGHVxVjcXPs17LhbZVGedAJv8XZ1tvj5FvSg==}

  safer-buffer@2.1.2:
    resolution: {integrity: sha512-YZo3K82SD7Riyi0E1EQPojLz7kpepnSQI9IyPbHHg1XXXevb5dJI7tpyN2ADxGcQbHG7vcyRHk0cbwqcQriUtg==}

  slovak-holidays@1.0.1:
    resolution: {integrity: sha512-EpIdncHp8A2eXReoJgT13YDB33kLeInEPS2xOUZsWbkvVwOme/pxXxojwnRkFpIwTvTrVlAOAR4KHesBDYDGoQ==}

  strip-bom@2.0.0:
    resolution: {integrity: sha512-kwrX1y7czp1E69n2ajbG65mIo9dqvJ+8aBQXOGVxqwvNbsXdFM6Lq37dLAY3mknUwru8CfcCbfOLL/gMo+fi3g==}
    engines: {node: '>=0.10.0'}

  timezone-enum@1.0.4:
    resolution: {integrity: sha512-CihBHcf/JZEtDF1xSDAXPHbfjpOhRxUtE4dhbYqeI8Zuy1zq79AgQ5hMkf38uA4WZb24U3VHzKcOmmcvfsefXw==}

  typescript@5.7.2:
    resolution: {integrity: sha512-i5t66RHxDvVN40HfDd1PsEThGNnlMCMT3jMUuoh9/0TaqWevNontacunWyN02LA9/fIbEWlcHZcgTKb9QoaLfg==}
    engines: {node: '>=14.17'}
    hasBin: true

  undici-types@6.20.0:
    resolution: {integrity: sha512-Ny6QZ2Nju20vw1SRHe3d9jVu6gJ+4e3+MMpqu7pqE5HT6WsTSlce++GQmK5UXS8mzV8DSYHrQH+Xrf2jVcuKNg==}

snapshots:

  '@isithere/gtfs@1.1.0-next-04':
    dependencies:
      timezone-enum: 1.0.4
      typescript: 5.7.2

  '@types/adm-zip@0.5.7':
    dependencies:
      '@types/node': 22.10.5

  '@types/node@22.10.5':
    dependencies:
      undici-types: 6.20.0

  adm-zip@0.5.16: {}

  bluebird@3.7.2: {}

  csvtojson@2.0.10:
    dependencies:
      bluebird: 3.7.2
      lodash: 4.17.21
      strip-bom: 2.0.0

  deeks@3.0.2: {}

  doc-path@4.0.2: {}

  iconv-lite@0.6.3:
    dependencies:
      safer-buffer: 2.1.2

  is-utf8@0.2.1: {}

  json-2-csv@4.1.1:
    dependencies:
      deeks: 3.0.2
      doc-path: 4.0.2

  lodash@4.17.21: {}

  safer-buffer@2.1.2: {}

  slovak-holidays@1.0.1: {}

  strip-bom@2.0.0:
    dependencies:
      is-utf8: 0.2.1

  timezone-enum@1.0.4: {}

  typescript@5.7.2: {}

  undici-types@6.20.0: {}
